// !$*UTF8*$!
{
	archiveVersion = 1;
	classes = {
	};
	objectVersion = 46;
	objects = {

/* Begin PBXBuildFile section */
		21C06EFC1E1C959700BDE030 /* AppDelegate.swift in Sources */ = {isa = PBXBuildFile; fileRef = 21C06EFB1E1C959700BDE030 /* AppDelegate.swift */; };
		21C06EFE1E1C959700BDE030 /* ViewController.swift in Sources */ = {isa = PBXBuildFile; fileRef = 21C06EFD1E1C959700BDE030 /* ViewController.swift */; };
		21C06F011E1C959700BDE030 /* Main.storyboard in Resources */ = {isa = PBXBuildFile; fileRef = 21C06EFF1E1C959700BDE030 /* Main.storyboard */; };
		21C06F041E1C959700BDE030 /* EasyEats.xcdatamodeld in Sources */ = {isa = PBXBuildFile; fileRef = 21C06F021E1C959700BDE030 /* EasyEats.xcdatamodeld */; };
		21C06F061E1C959700BDE030 /* Assets.xcassets in Resources */ = {isa = PBXBuildFile; fileRef = 21C06F051E1C959700BDE030 /* Assets.xcassets */; };
		21C06F091E1C959700BDE030 /* LaunchScreen.storyboard in Resources */ = {isa = PBXBuildFile; fileRef = 21C06F071E1C959700BDE030 /* LaunchScreen.storyboard */; };
/* End PBXBuildFile section */

/* Begin PBXFileReference section */
		21C06EF81E1C959600BDE030 /* EasyEats.app */ = {isa = PBXFileReference; explicitFileType = wrapper.application; includeInIndex = 0; path = EasyEats.app; sourceTree = BUILT_PRODUCTS_DIR; };
		21C06EFB1E1C959700BDE030 /* AppDelegate.swift */ = {isa = PBXFileReference; lastKnownFileType = sourcecode.swift; path = AppDelegate.swift; sourceTree = "<group>"; };
		21C06EFD1E1C959700BDE030 /* ViewController.swift */ = {isa = PBXFileReference; lastKnownFileType = sourcecode.swift; path = ViewController.swift; sourceTree = "<group>"; };
		21C06F001E1C959700BDE030 /* Base */ = {isa = PBXFileReference; lastKnownFileType = file.storyboard; name = Base; path = Base.lproj/Main.storyboard; sourceTree = "<group>"; };
		21C06F031E1C959700BDE030 /* EasyEats.xcdatamodel */ = {isa = PBXFileReference; lastKnownFileType = wrapper.xcdatamodel; path = EasyEats.xcdatamodel; sourceTree = "<group>"; };
		21C06F051E1C959700BDE030 /* Assets.xcassets */ = {isa = PBXFileReference; lastKnownFileType = folder.assetcatalog; path = Assets.xcassets; sourceTree = "<group>"; };
		21C06F081E1C959700BDE030 /* Base */ = {isa = PBXFileReference; lastKnownFileType = file.storyboard; name = Base; path = Base.lproj/LaunchScreen.storyboard; sourceTree = "<group>"; };
		21C06F0A1E1C959700BDE030 /* Info.plist */ = {isa = PBXFileReference; lastKnownFileType = text.plist.xml; path = Info.plist; sourceTree = "<group>"; };
/* End PBXFileReference section */

/* Begin PBXFrameworksBuildPhase section */
		21C06EF51E1C959600BDE030 /* Frameworks */ = {
			isa = PBXFrameworksBuildPhase;
			buildActionMask = 2147483647;
			files = (
			);
			runOnlyForDeploymentPostprocessing = 0;
		};
/* End PBXFrameworksBuildPhase section */

/* Begin PBXGroup section */
		21C06EEF1E1C959600BDE030 = {
			isa = PBXGroup;
			children = (
				21C06EFA1E1C959600BDE030 /* EasyEats */,
				21C06EF91E1C959600BDE030 /* Products */,
			);
			sourceTree = "<group>";
		};
		21C06EF91E1C959600BDE030 /* Products */ = {
			isa = PBXGroup;
			children = (
				21C06EF81E1C959600BDE030 /* EasyEats.app */,
			);
			name = Products;
			sourceTree = "<group>";
		};
		21C06EFA1E1C959600BDE030 /* EasyEats */ = {
			isa = PBXGroup;
			children = (
				21C06EFB1E1C959700BDE030 /* AppDelegate.swift */,
				21C06EFD1E1C959700BDE030 /* ViewController.swift */,
				21C06EFF1E1C959700BDE030 /* Main.storyboard */,
				21C06F051E1C959700BDE030 /* Assets.xcassets */,
				21C06F071E1C959700BDE030 /* LaunchScreen.storyboard */,
				21C06F0A1E1C959700BDE030 /* Info.plist */,
				21C06F021E1C959700BDE030 /* EasyEats.xcdatamodeld */,
			);
			path = EasyEats;
			sourceTree = "<group>";
		};
/* End PBXGroup section */

/* Begin PBXNativeTarget section */
		21C06EF71E1C959600BDE030 /* EasyEats */ = {
			isa = PBXNativeTarget;
			buildConfigurationList = 21C06F0D1E1C959700BDE030 /* Build configuration list for PBXNativeTarget "EasyEats" */;
			buildPhases = (
				21C06EF41E1C959600BDE030 /* Sources */,
				21C06EF51E1C959600BDE030 /* Frameworks */,
				21C06EF61E1C959600BDE030 /* Resources */,
			);
			buildRules = (
			);
			dependencies = (
			);
			name = EasyEats;
			productName = EasyEats;
			productReference = 21C06EF81E1C959600BDE030 /* EasyEats.app */;
			productType = "com.apple.product-type.application";
		};
/* End PBXNativeTarget section */

/* Begin PBXProject section */
		21C06EF01E1C959600BDE030 /* Project object */ = {
			isa = PBXProject;
			attributes = {
				LastSwiftUpdateCheck = 0820;
				LastUpgradeCheck = 0820;
				ORGANIZATIONNAME = "David Wang";
				TargetAttributes = {
					21C06EF71E1C959600BDE030 = {
						CreatedOnToolsVersion = 8.2.1;
						DevelopmentTeam = 98YT4HPVK9;
						ProvisioningStyle = Automatic;
					};
				};
			};
			buildConfigurationList = 21C06EF31E1C959600BDE030 /* Build configuration list for PBXProject "EasyEats" */;
			compatibilityVersion = "Xcode 3.2";
			developmentRegion = English;
			hasScannedForEncodings = 0;
			knownRegions = (
				en,
				Base,
			);
			mainGroup = 21C06EEF1E1C959600BDE030;
			productRefGroup = 21C06EF91E1C959600BDE030 /* Products */;
			projectDirPath = "";
			projectRoot = "";
			targets = (
				21C06EF71E1C959600BDE030 /* EasyEats */,
			);
		};
/* End PBXProject section */

/* Begin PBXResourcesBuildPhase section */
		21C06EF61E1C959600BDE030 /* Resources */ = {
			isa = PBXResourcesBuildPhase;
			buildActionMask = 2147483647;
			files = (
				21C06F091E1C959700BDE030 /* LaunchScreen.storyboard in Resources */,
				21C06F061E1C959700BDE030 /* Assets.xcassets in Resources */,
				21C06F011E1C959700BDE030 /* Main.storyboard in Resources */,
			);
			runOnlyForDeploymentPostprocessing = 0;
		};
/* End PBXResourcesBuildPhase section */

/* Begin PBXSourcesBuildPhase section */
		21C06EF41E1C959600BDE030 /* Sources */ = {
			isa = PBXSourcesBuildPhase;
			buildActionMask = 2147483647;
			files = (
				21C06F041E1C959700BDE030 /* EasyEats.xcdatamodeld in Sources */,
				21C06EFE1E1C959700BDE030 /* ViewController.swift in Sources */,
				21C06EFC1E1C959700BDE030 /* AppDelegate.swift in Sources */,
			);
			runOnlyForDeploymentPostprocessing = 0;
		};
/* End PBXSourcesBuildPhase section */

/* Begin PBXVariantGroup section */
		21C06EFF1E1C959700BDE030 /* Main.storyboard */ = {
			isa = PBXVariantGroup;
			children = (
				21C06F001E1C959700BDE030 /* Base */,
			);
			name = Main.storyboard;
			sourceTree = "<group>";
		};
		21C06F071E1C959700BDE030 /* LaunchScreen.storyboard */ = {
			isa = PBXVariantGroup;
			children = (
				21C06F081E1C959700BDE030 /* Base */,
			);
			name = LaunchScreen.storyboard;
			sourceTree = "<group>";
		};
/* End PBXVariantGroup section */

/* Begin XCBuildConfiguration section */
		21C06F0B1E1C959700BDE030 /* Debug */ = {
			isa = XCBuildConfiguration;
			buildSettings = {
				ALWAYS_SEARCH_USER_PATHS = NO;
				CLANG_ANALYZER_NONNULL = YES;
				CLANG_CXX_LANGUAGE_STANDARD = "gnu++0x";
				CLANG_CXX_LIBRARY = "libc++";
				CLANG_ENABLE_MODULES = YES;
				CLANG_ENABLE_OBJC_ARC = YES;
				CLANG_WARN_BOOL_CONVERSION = YES;
				CLANG_WARN_CONSTANT_CONVERSION = YES;
				CLANG_WARN_DIRECT_OBJC_ISA_USAGE = YES_ERROR;
				CLANG_WARN_DOCUMENTATION_COMMENTS = YES;
				CLANG_WARN_EMPTY_BODY = YES;
				CLANG_WARN_ENUM_CONVERSION = YES;
				CLANG_WARN_INFINITE_RECURSION = YES;
				CLANG_WARN_INT_CONVERSION = YES;
				CLANG_WARN_OBJC_ROOT_CLASS = YES_ERROR;
				CLANG_WARN_SUSPICIOUS_MOVE = YES;
				CLANG_WARN_UNREACHABLE_CODE = YES;
				CLANG_WARN__DUPLICATE_METHOD_MATCH = YES;
				"CODE_SIGN_IDENTITY[sdk=iphoneos*]" = "iPhone Developer";
				COPY_PHASE_STRIP = NO;
				DEBUG_INFORMATION_FORMAT = dwarf;
				ENABLE_STRICT_OBJC_MSGSEND = YES;
				ENABLE_TESTABILITY = YES;
				GCC_C_LANGUAGE_STANDARD = gnu99;
				GCC_DYNAMIC_NO_PIC = NO;
				GCC_NO_COMMON_BLOCKS = YES;
				GCC_OPTIMIZATION_LEVEL = 0;
				GCC_PREPROCESSOR_DEFINITIONS = (
					"DEBUG=1",
					"$(inherited)",
				);
				GCC_WARN_64_TO_32_BIT_CONVERSION = YES;
				GCC_WARN_ABOUT_RETURN_TYPE = YES_ERROR;
				GCC_WARN_UNDECLARED_SELECTOR = YES;
				GCC_WARN_UNINITIALIZED_AUTOS = YES_AGGRESSIVE;
				GCC_WARN_UNUSED_FUNCTION = YES;
				GCC_WARN_UNUSED_VARIABLE = YES;
				IPHONEOS_DEPLOYMENT_TARGET = 10.2;
				MTL_ENABLE_DEBUG_INFO = YES;
				ONLY_ACTIVE_ARCH = YES;
				SDKROOT = iphoneos;
				SWIFT_ACTIVE_COMPILATION_CONDITIONS = DEBUG;
				SWIFT_OPTIMIZATION_LEVEL = "-Onone";
			};
			name = Debug;
		};
		21C06F0C1E1C959700BDE030 /* Release */ = {
			isa = XCBuildConfiguration;
			buildSettings = {
				ALWAYS_SEARCH_USER_PATHS = NO;
				CLANG_ANALYZER_NONNULL = YES;
				CLANG_CXX_LANGUAGE_STANDARD = "gnu++0x";
				CLANG_CXX_LIBRARY = "libc++";
				CLANG_ENABLE_MODULES = YES;
				CLANG_ENABLE_OBJC_ARC = YES;
				CLANG_WARN_BOOL_CONVERSION = YES;
				CLANG_WARN_CONSTANT_CONVERSION = YES;
				CLANG_WARN_DIRECT_OBJC_ISA_USAGE = YES_ERROR;
				CLANG_WARN_DOCUMENTATION_COMMENTS = YES;
				CLANG_WARN_EMPTY_BODY = YES;
				CLANG_WARN_ENUM_CONVERSION = YES;
				CLANG_WARN_INFINITE_RECURSION = YES;
				CLANG_WARN_INT_CONVERSION = YES;
				CLANG_WARN_OBJC_ROOT_CLASS = YES_ERROR;
				CLANG_WARN_SUSPICIOUS_MOVE = YES;
				CLANG_WARN_UNREACHABLE_CODE = YES;
				CLANG_WARN__DUPLICATE_METHOD_MATCH = YES;
				"CODE_SIGN_IDENTITY[sdk=iphoneos*]" = "iPhone Developer";
				COPY_PHASE_STRIP = NO;
				DEBUG_INFORMATION_FORMAT = "dwarf-with-dsym";
				ENABLE_NS_ASSERTIONS = NO;
				ENABLE_STRICT_OBJC_MSGSEND = YES;
				GCC_C_LANGUAGE_STANDARD = gnu99;
				GCC_NO_COMMON_BLOCKS = YES;
				GCC_WARN_64_TO_32_BIT_CONVERSION = YES;
				GCC_WARN_ABOUT_RETURN_TYPE = YES_ERROR;
				GCC_WARN_UNDECLARED_SELECTOR = YES;
				GCC_WARN_UNINITIALIZED_AUTOS = YES_AGGRESSIVE;
				GCC_WARN_UNUSED_FUNCTION = YES;
				GCC_WARN_UNUSED_VARIABLE = YES;
				IPHONEOS_DEPLOYMENT_TARGET = 10.2;
				MTL_ENABLE_DEBUG_INFO = NO;
				SDKROOT = iphoneos;
				SWIFT_OPTIMIZATION_LEVEL = "-Owholemodule";
				VALIDATE_PRODUCT = YES;
			};
			name = Release;
		};
		21C06F0E1E1C959700BDE030 /* Debug */ = {
			isa = XCBuildConfiguration;
			buildSettings = {
				ASSETCATALOG_COMPILER_APPICON_NAME = AppIcon;
				DEVELOPMENT_TEAM = 98YT4HPVK9;
				INFOPLIST_FILE = EasyEats/Info.plist;
				LD_RUNPATH_SEARCH_PATHS = "$(inherited) @executable_path/Frameworks";
				PRODUCT_BUNDLE_IDENTIFIER = com.DavidWang.EasyEats;
				PRODUCT_NAME = "$(TARGET_NAME)";
				SWIFT_VERSION = 3.0;
			};
			name = Debug;
		};
		21C06F0F1E1C959700BDE030 /* Release */ = {
			isa = XCBuildConfiguration;
			buildSettings = {
				ASSETCATALOG_COMPILER_APPICON_NAME = AppIcon;
				DEVELOPMENT_TEAM = 98YT4HPVK9;
				INFOPLIST_FILE = EasyEats/Info.plist;
				LD_RUNPATH_SEARCH_PATHS = "$(inherited) @executable_path/Frameworks";
				PRODUCT_BUNDLE_IDENTIFIER = com.DavidWang.EasyEats;
				PRODUCT_NAME = "$(TARGET_NAME)";
				SWIFT_VERSION = 3.0;
			};
			name = Release;
		};
/* End XCBuildConfiguration section */

/* Begin XCConfigurationList section */
		21C06EF31E1C959600BDE030 /* Build configuration list for PBXProject "EasyEats" */ = {
			isa = XCConfigurationList;
			buildConfigurations = (
				21C06F0B1E1C959700BDE030 /* Debug */,
				21C06F0C1E1C959700BDE030 /* Release */,
			);
			defaultConfigurationIsVisible = 0;
			defaultConfigurationName = Release;
		};
		21C06F0D1E1C959700BDE030 /* Build configuration list for PBXNativeTarget "EasyEats" */ = {
			isa = XCConfigurationList;
			buildConfigurations = (
				21C06F0E1E1C959700BDE030 /* Debug */,
				21C06F0F1E1C959700BDE030 /* Release */,
			);
			defaultConfigurationIsVisible = 0;
		};
/* End XCConfigurationList section */

/* Begin XCVersionGroup section */
		21C06F021E1C959700BDE030 /* EasyEats.xcdatamodeld */ = {
			isa = XCVersionGroup;
			children = (
				21C06F031E1C959700BDE030 /* EasyEats.xcdatamodel */,
			);
			currentVersion = 21C06F031E1C959700BDE030 /* EasyEats.xcdatamodel */;
			path = EasyEats.xcdatamodeld;
			sourceTree = "<group>";
			versionGroupType = wrapper.xcdatamodel;
		};
/* End XCVersionGroup section */
	};
	rootObject = 21C06EF01E1C959600BDE030 /* Project object */;
}
